
Microsoft Visual Studio Solution File, Format Version 12.00
# Visual Studio Version 17
VisualStudioVersion = 17.5.33530.505
MinimumVisualStudioVersion = 10.0.40219.1
Project("{FAE04EC0-301F-11D3-BF4B-00C04F79EFBC}") = "TaotieToolkit", "TaotieToolkit\TaotieToolkit.csproj", "{4B6CC3D9-4686-4156-AF98-CFF104746DE8}"
EndProject
Global
	GlobalSection(SolutionConfigurationPlatforms) = preSolution
		Debug|Any CPU = Debug|Any CPU
		Debug|x64 = Debug|x64
		Release|Any CPU = Release|Any CPU
		Release|x64 = Release|x64
	EndGlobalSection
	GlobalSection(ProjectConfigurationPlatforms) = postSolution
		{4B6CC3D9-4686-4156-AF98-CFF104746DE8}.Debug|Any CPU.ActiveCfg = Debug|Any CPU
		{4B6CC3D9-4686-4156-AF98-CFF104746DE8}.Debug|Any CPU.Build.0 = Debug|Any CPU
		{4B6CC3D9-4686-4156-AF98-CFF104746DE8}.Debug|x64.ActiveCfg = Debug|x64
		{4B6CC3D9-4686-4156-AF98-CFF104746DE8}.Debug|x64.Build.0 = Debug|x64
		{4B6CC3D9-4686-4156-AF98-CFF104746DE8}.Release|Any CPU.ActiveCfg = Release|Any CPU
		{4B6CC3D9-4686-4156-AF98-CFF104746DE8}.Release|Any CPU.Build.0 = Release|Any CPU
		{4B6CC3D9-4686-4156-AF98-CFF104746DE8}.Release|x64.ActiveCfg = Release|x64
		{4B6CC3D9-4686-4156-AF98-CFF104746DE8}.Release|x64.Build.0 = Release|x64
	EndGlobalSection
	GlobalSection(SolutionProperties) = preSolution
		HideSolutionNode = FALSE
	EndGlobalSection
	GlobalSection(ExtensibilityGlobals) = postSolution
		SolutionGuid = {D280BECF-6D41-4733-AF12-2B2EDE904410}
	EndGlobalSection
EndGlobal
